
Microsoft Visual Studio Solution File, Format Version 12.00
# Visual Studio Version 17
VisualStudioVersion = 17.10.35027.167
MinimumVisualStudioVersion = 10.0.40219.1
Project("{FAE04EC0-301F-11D3-BF4B-00C04F79EFBC}") = "Front", "Front\Front.csproj", "{7693165B-1BCA-4A4A-9035-44E1A2A91198}"
EndProject
Global
	GlobalSection(SolutionConfigurationPlatforms) = preSolution
		Debug|Any CPU = Debug|Any CPU
		Release|Any CPU = Release|Any CPU
	EndGlobalSection
	GlobalSection(ProjectConfigurationPlatforms) = postSolution
		{7693165B-1BCA-4A4A-9035-44E1A2A91198}.Debug|Any CPU.ActiveCfg = Debug|Any CPU
		{7693165B-1BCA-4A4A-9035-44E1A2A91198}.Debug|Any CPU.Build.0 = Debug|Any CPU
		{7693165B-1BCA-4A4A-9035-44E1A2A91198}.Debug|Any CPU.Deploy.0 = Debug|Any CPU
		{7693165B-1BCA-4A4A-9035-44E1A2A91198}.Release|Any CPU.ActiveCfg = Release|Any CPU
		{7693165B-1BCA-4A4A-9035-44E1A2A91198}.Release|Any CPU.Build.0 = Release|Any CPU
		{7693165B-1BCA-4A4A-9035-44E1A2A91198}.Release|Any CPU.Deploy.0 = Release|Any CPU
	EndGlobalSection
	GlobalSection(SolutionProperties) = preSolution
		HideSolutionNode = FALSE
	EndGlobalSection
	GlobalSection(ExtensibilityGlobals) = postSolution
		SolutionGuid = {BFA1488D-0411-4029-9215-5FB64A914E2B}
	EndGlobalSection
EndGlobal
